
Microsoft Visual Studio Solution File, Format Version 12.00
# Visual Studio Version 17
VisualStudioVersion = 17.1.32228.430
MinimumVisualStudioVersion = 10.0.40219.1
Project("{9A19103F-16F7-4668-BE54-9A1E7A4F7556}") = "DataAccess", "DataAccess\DataAccess.csproj", "{AEE01D0E-A1E5-4059-B2AF-4D68CD942B1A}"
EndProject
Project("{9A19103F-16F7-4668-BE54-9A1E7A4F7556}") = "Business", "Business\Business.csproj", "{57B9FE31-E5ED-43F1-92C5-5C39E074E9B9}"
EndProject
Project("{9A19103F-16F7-4668-BE54-9A1E7A4F7556}") = "Entities", "Entities\Entities.csproj", "{25D037AE-90F6-489D-BEE1-001C4DA5192F}"
EndProject
Project("{9A19103F-16F7-4668-BE54-9A1E7A4F7556}") = "ConsoleUI", "ConsoleUI\ConsoleUI.csproj", "{CAD5A29D-5BF4-4321-97F8-B6AFBFEE6476}"
EndProject
Project("{2150E333-8FDC-42A3-9474-1A3956D46DE8}") = "MyFinalProject", "MyFinalProject", "{4813A972-9CA3-4B81-9A0F-A5C2FCF346A3}"
EndProject
Project("{FAE04EC0-301F-11D3-BF4B-00C04F79EFBC}") = "Core", "Core\Core.csproj", "{F0628487-102B-4218-83A7-00B8C87DDCF2}"
EndProject
Global
	GlobalSection(SolutionConfigurationPlatforms) = preSolution
		Debug|Any CPU = Debug|Any CPU
		Release|Any CPU = Release|Any CPU
	EndGlobalSection
	GlobalSection(ProjectConfigurationPlatforms) = postSolution
		{AEE01D0E-A1E5-4059-B2AF-4D68CD942B1A}.Debug|Any CPU.ActiveCfg = Debug|Any CPU
		{AEE01D0E-A1E5-4059-B2AF-4D68CD942B1A}.Debug|Any CPU.Build.0 = Debug|Any CPU
		{AEE01D0E-A1E5-4059-B2AF-4D68CD942B1A}.Release|Any CPU.ActiveCfg = Release|Any CPU
		{AEE01D0E-A1E5-4059-B2AF-4D68CD942B1A}.Release|Any CPU.Build.0 = Release|Any CPU
		{57B9FE31-E5ED-43F1-92C5-5C39E074E9B9}.Debug|Any CPU.ActiveCfg = Debug|Any CPU
		{57B9FE31-E5ED-43F1-92C5-5C39E074E9B9}.Debug|Any CPU.Build.0 = Debug|Any CPU
		{57B9FE31-E5ED-43F1-92C5-5C39E074E9B9}.Release|Any CPU.ActiveCfg = Release|Any CPU
		{57B9FE31-E5ED-43F1-92C5-5C39E074E9B9}.Release|Any CPU.Build.0 = Release|Any CPU
		{25D037AE-90F6-489D-BEE1-001C4DA5192F}.Debug|Any CPU.ActiveCfg = Debug|Any CPU
		{25D037AE-90F6-489D-BEE1-001C4DA5192F}.Debug|Any CPU.Build.0 = Debug|Any CPU
		{25D037AE-90F6-489D-BEE1-001C4DA5192F}.Release|Any CPU.ActiveCfg = Release|Any CPU
		{25D037AE-90F6-489D-BEE1-001C4DA5192F}.Release|Any CPU.Build.0 = Release|Any CPU
		{CAD5A29D-5BF4-4321-97F8-B6AFBFEE6476}.Debug|Any CPU.ActiveCfg = Debug|Any CPU
		{CAD5A29D-5BF4-4321-97F8-B6AFBFEE6476}.Debug|Any CPU.Build.0 = Debug|Any CPU
		{CAD5A29D-5BF4-4321-97F8-B6AFBFEE6476}.Release|Any CPU.ActiveCfg = Release|Any CPU
		{CAD5A29D-5BF4-4321-97F8-B6AFBFEE6476}.Release|Any CPU.Build.0 = Release|Any CPU
		{F0628487-102B-4218-83A7-00B8C87DDCF2}.Debug|Any CPU.ActiveCfg = Debug|Any CPU
		{F0628487-102B-4218-83A7-00B8C87DDCF2}.Debug|Any CPU.Build.0 = Debug|Any CPU
		{F0628487-102B-4218-83A7-00B8C87DDCF2}.Release|Any CPU.ActiveCfg = Release|Any CPU
		{F0628487-102B-4218-83A7-00B8C87DDCF2}.Release|Any CPU.Build.0 = Release|Any CPU
	EndGlobalSection
	GlobalSection(SolutionProperties) = preSolution
		HideSolutionNode = FALSE
	EndGlobalSection
	GlobalSection(NestedProjects) = preSolution
		{AEE01D0E-A1E5-4059-B2AF-4D68CD942B1A} = {4813A972-9CA3-4B81-9A0F-A5C2FCF346A3}
		{57B9FE31-E5ED-43F1-92C5-5C39E074E9B9} = {4813A972-9CA3-4B81-9A0F-A5C2FCF346A3}
		{25D037AE-90F6-489D-BEE1-001C4DA5192F} = {4813A972-9CA3-4B81-9A0F-A5C2FCF346A3}
		{CAD5A29D-5BF4-4321-97F8-B6AFBFEE6476} = {4813A972-9CA3-4B81-9A0F-A5C2FCF346A3}
		{F0628487-102B-4218-83A7-00B8C87DDCF2} = {4813A972-9CA3-4B81-9A0F-A5C2FCF346A3}
	EndGlobalSection
	GlobalSection(ExtensibilityGlobals) = postSolution
		SolutionGuid = {57EA894F-89A1-435A-9A60-8E82DFF3CDFE}
	EndGlobalSection
EndGlobal
